
Microsoft Visual Studio Solution File, Format Version 12.00
# Visual Studio Version 17
VisualStudioVersion = 17.8.34322.80
MinimumVisualStudioVersion = 10.0.40219.1
Project("{FAE04EC0-301F-11D3-BF4B-00C04F79EFBC}") = "SampleLibrary", "SampleLibrary.csproj", "{D953ACD1-689D-4472-AA97-B04BE0811D41}"
EndProject
Project("{FAE04EC0-301F-11D3-BF4B-00C04F79EFBC}") = "CalculatorApp", "..\CalculatorApp\CalculatorApp.csproj", "{BF040454-C961-4497-8364-096836E5EF40}"
EndProject
Project("{FAE04EC0-301F-11D3-BF4B-00C04F79EFBC}") = "DependencyInjector", "..\DependencyInjector\DependencyInjector.csproj", "{3D4CD1C3-A832-4264-AB2A-BBE45BA8C146}"
EndProject
Global
	GlobalSection(SolutionConfigurationPlatforms) = preSolution
		Debug|Any CPU = Debug|Any CPU
		Release|Any CPU = Release|Any CPU
	EndGlobalSection
	GlobalSection(ProjectConfigurationPlatforms) = postSolution
		{D953ACD1-689D-4472-AA97-B04BE0811D41}.Debug|Any CPU.ActiveCfg = Debug|Any CPU
		{D953ACD1-689D-4472-AA97-B04BE0811D41}.Debug|Any CPU.Build.0 = Debug|Any CPU
		{D953ACD1-689D-4472-AA97-B04BE0811D41}.Release|Any CPU.ActiveCfg = Release|Any CPU
		{D953ACD1-689D-4472-AA97-B04BE0811D41}.Release|Any CPU.Build.0 = Release|Any CPU
		{BF040454-C961-4497-8364-096836E5EF40}.Debug|Any CPU.ActiveCfg = Debug|Any CPU
		{BF040454-C961-4497-8364-096836E5EF40}.Debug|Any CPU.Build.0 = Debug|Any CPU
		{BF040454-C961-4497-8364-096836E5EF40}.Release|Any CPU.ActiveCfg = Release|Any CPU
		{BF040454-C961-4497-8364-096836E5EF40}.Release|Any CPU.Build.0 = Release|Any CPU
		{3D4CD1C3-A832-4264-AB2A-BBE45BA8C146}.Debug|Any CPU.ActiveCfg = Debug|Any CPU
		{3D4CD1C3-A832-4264-AB2A-BBE45BA8C146}.Debug|Any CPU.Build.0 = Debug|Any CPU
		{3D4CD1C3-A832-4264-AB2A-BBE45BA8C146}.Release|Any CPU.ActiveCfg = Release|Any CPU
		{3D4CD1C3-A832-4264-AB2A-BBE45BA8C146}.Release|Any CPU.Build.0 = Release|Any CPU
	EndGlobalSection
	GlobalSection(SolutionProperties) = preSolution
		HideSolutionNode = FALSE
	EndGlobalSection
	GlobalSection(ExtensibilityGlobals) = postSolution
		SolutionGuid = {E12D7A5E-6C51-43B6-80BD-06308BB19928}
	EndGlobalSection
EndGlobal
